# Generated by pub
# See https://dart.dev/tools/pub/glossary#lockfile
packages:
  _flutterfire_internals:
    dependency: transitive
    description:
      name: _flutterfire_internals
      sha256: "1a5e13736d59235ce0139621b4bbe29bc89839e202409081bc667eb3cd20674c"
      url: "https://pub.dev"
    source: hosted
    version: "1.3.5"
  animations:
    dependency: "direct main"
    description:
      name: animations
      sha256: ef57563eed3620bd5d75ad96189846aca1e033c0c45fc9a7d26e80ab02b88a70
      url: "https://pub.dev"
    source: hosted
    version: "2.0.8"
  app_settings:
    dependency: "direct main"
    description:
      name: app_settings
      sha256: e6a34735d4ddb24ca9c5fd7e965ec65c8b611cbd3a329152c294f9e9f4bacb33
      url: "https://pub.dev"
    source: hosted
    version: "4.3.1"
  archive:
    dependency: transitive
    description:
      name: archive
      sha256: "49b1fad315e57ab0bbc15bcbb874e83116a1d78f77ebd500a4af6c9407d6b28e"
      url: "https://pub.dev"
    source: hosted
    version: "3.3.8"
  args:
    dependency: transitive
    description:
      name: args
      sha256: eef6c46b622e0494a36c5a12d10d77fb4e855501a91c1b9ef9339326e58f0596
      url: "https://pub.dev"
    source: hosted
    version: "2.4.2"
  asn1lib:
    dependency: transitive
    description:
      name: asn1lib
      sha256: "21afe4333076c02877d14f4a89df111e658a6d466cbfc802eb705eb91bd5adfd"
      url: "https://pub.dev"
    source: hosted
    version: "1.5.0"
  async:
    dependency: transitive
    description:
      name: async
      sha256: "947bfcf187f74dbc5e146c9eb9c0f10c9f8b30743e341481c1e2ed3ecc18c20c"
      url: "https://pub.dev"
    source: hosted
    version: "2.11.0"
  badges:
    dependency: "direct main"
    description:
      name: badges
      sha256: a7b6bbd60dce418df0db3058b53f9d083c22cdb5132a052145dc267494df0b84
      url: "https://pub.dev"
    source: hosted
    version: "3.1.2"
  barcode_scan2:
    dependency: "direct main"
    description:
      name: barcode_scan2
      sha256: "0b0625d27841a21e36e896195d86b2aada335e3c486f63647cce701495718e16"
      url: "https://pub.dev"
    source: hosted
    version: "4.2.4"
  blue_thermal_printer:
    dependency: "direct main"
    description:
      name: blue_thermal_printer
      sha256: "2b8a93f90be335494d2172dbc869c31b95638087f89591b4ad69fd9305eaf80b"
      url: "https://pub.dev"
    source: hosted
    version: "1.2.3"
  boolean_selector:
    dependency: transitive
    description:
      name: boolean_selector
      sha256: "6cfb5af12253eaf2b368f07bacc5a80d1301a071c73360d746b7f2e32d762c66"
      url: "https://pub.dev"
    source: hosted
    version: "2.1.1"
  bootstrap_icons:
    dependency: "direct main"
    description:
      name: bootstrap_icons
      sha256: "28e6799bf951680110e4ce0790f2e55f849a786b7873f42b456d78bf6d130e96"
      url: "https://pub.dev"
    source: hosted
    version: "1.10.5+2"
  carousel_slider:
    dependency: "direct dev"
    description:
      name: carousel_slider
      sha256: "9c695cc963bf1d04a47bd6021f68befce8970bcd61d24938e1fb0918cf5d9c42"
      url: "https://pub.dev"
    source: hosted
    version: "4.2.1"
  change_app_package_name:
    dependency: "direct dev"
    description:
      name: change_app_package_name
      sha256: f9ebaf68a4b5a68c581492579bb68273c523ef325fbf9ce2f1b57fb136ad023b
      url: "https://pub.dev"
    source: hosted
    version: "1.1.0"
  characters:
    dependency: transitive
    description:
      name: characters
      sha256: "04a925763edad70e8443c99234dc3328f442e811f1d8fd1a72f1c8ad0f69a605"
      url: "https://pub.dev"
    source: hosted
    version: "1.3.0"
  checked_yaml:
    dependency: transitive
    description:
      name: checked_yaml
      sha256: feb6bed21949061731a7a75fc5d2aa727cf160b91af9a3e464c5e3a32e28b5ff
      url: "https://pub.dev"
    source: hosted
    version: "2.0.3"
  cli_util:
    dependency: transitive
    description:
      name: cli_util
      sha256: "66f86e916d285c1a93d3b79587d94bd71984a66aac4ff74e524cfa7877f1395c"
      url: "https://pub.dev"
    source: hosted
    version: "0.3.5"
  clock:
    dependency: transitive
    description:
      name: clock
      sha256: cb6d7f03e1de671e34607e909a7213e31d7752be4fb66a86d29fe1eb14bfb5cf
      url: "https://pub.dev"
    source: hosted
    version: "1.1.1"
  collection:
    dependency: transitive
    description:
      name: collection
      sha256: f092b211a4319e98e5ff58223576de6c2803db36221657b46c82574721240687
      url: "https://pub.dev"
    source: hosted
    version: "1.17.2"
  connectivity_plus:
    dependency: "direct main"
    description:
      name: connectivity_plus
      sha256: b74247fad72c171381dbe700ca17da24deac637ab6d43c343b42867acb95c991
      url: "https://pub.dev"
    source: hosted
    version: "3.0.6"
  connectivity_plus_platform_interface:
    dependency: transitive
    description:
      name: connectivity_plus_platform_interface
      sha256: cf1d1c28f4416f8c654d7dc3cd638ec586076255d407cef3ddbdaf178272a71a
      url: "https://pub.dev"
    source: hosted
    version: "1.2.4"
  convert:
    dependency: transitive
    description:
      name: convert
      sha256: "0f08b14755d163f6e2134cb58222dd25ea2a2ee8a195e53983d57c075324d592"
      url: "https://pub.dev"
    source: hosted
    version: "3.1.1"
  countup:
    dependency: "direct main"
    description:
      name: countup
      sha256: "3a7509b20170fd78ff9553848016465d34fdbc4ce8adb3d5361be80592b92675"
      url: "https://pub.dev"
    source: hosted
    version: "0.1.4"
  crypto:
    dependency: transitive
    description:
      name: crypto
      sha256: ff625774173754681d66daaf4a448684fb04b78f902da9cb3d308c19cc5e8bab
      url: "https://pub.dev"
    source: hosted
    version: "3.0.3"
  csslib:
    dependency: transitive
    description:
      name: csslib
      sha256: "831883fb353c8bdc1d71979e5b342c7d88acfbc643113c14ae51e2442ea0f20f"
      url: "https://pub.dev"
    source: hosted
    version: "0.17.3"
  dbus:
    dependency: transitive
    description:
      name: dbus
      sha256: "6f07cba3f7b3448d42d015bfd3d53fe12e5b36da2423f23838efc1d5fb31a263"
      url: "https://pub.dev"
    source: hosted
    version: "0.7.8"
  device_info_plus:
    dependency: "direct main"
    description:
      name: device_info_plus
      sha256: "717a1d782b01ecbd0890b9a8994cb018ae2a9a617dddf681217567189008915c"
      url: "https://pub.dev"
    source: hosted
    version: "6.0.0"
  device_info_plus_linux:
    dependency: transitive
    description:
      name: device_info_plus_linux
      sha256: ebefd15fa43df3a8b222d6a120f23771c18b62b8306b07f72f546927475b2bd6
      url: "https://pub.dev"
    source: hosted
    version: "5.0.0"
  device_info_plus_macos:
    dependency: transitive
    description:
      name: device_info_plus_macos
      sha256: "9e540a74d7f307e640db2caa059d4b55676ffe7f2bc5cf3d103f6e7fdb6ac153"
      url: "https://pub.dev"
    source: hosted
    version: "5.0.0"
  device_info_plus_platform_interface:
    dependency: transitive
    description:
      name: device_info_plus_platform_interface
      sha256: adac28cb9101434260279bf36adeac8cafac8d120d0d942dabb2c6bd9a03b4c7
      url: "https://pub.dev"
    source: hosted
    version: "5.0.0"
  device_info_plus_web:
    dependency: transitive
    description:
      name: device_info_plus_web
      sha256: de7e651339a77b003af7cd77d83afbbd4f4848fd8892dbc80910278a8cf45f7b
      url: "https://pub.dev"
    source: hosted
    version: "5.0.0"
  device_info_plus_windows:
    dependency: transitive
    description:
      name: device_info_plus_windows
      sha256: "803371e6c0ed01b7cda9ae7c8628ea1a6646a6f2b8fb8e1c9376fda19fa123b3"
      url: "https://pub.dev"
    source: hosted
    version: "6.0.0"
  dio:
    dependency: "direct main"
    description:
      name: dio
      sha256: ce75a1b40947fea0a0e16ce73337122a86762e38b982e1ccb909daa3b9bc4197
      url: "https://pub.dev"
    source: hosted
    version: "5.3.2"
  encrypt:
    dependency: "direct main"
    description:
      name: encrypt
      sha256: "4fd4e4fdc21b9d7d4141823e1e6515cd94e7b8d84749504c232999fba25d9bbb"
      url: "https://pub.dev"
    source: hosted
    version: "5.0.1"
  exif:
    dependency: "direct main"
    description:
      name: exif
      sha256: c154e074234eb6ac4a09831072b4783b55f5f9e84c4b344a472a6d6aa83a9982
      url: "https://pub.dev"
    source: hosted
    version: "3.1.4"
  fake_async:
    dependency: transitive
    description:
      name: fake_async
      sha256: "511392330127add0b769b75a987850d136345d9227c6b94c96a04cf4a391bf78"
      url: "https://pub.dev"
    source: hosted
    version: "1.3.1"
  ffi:
    dependency: transitive
    description:
      name: ffi
      sha256: "7bf0adc28a23d395f19f3f1eb21dd7cfd1dd9f8e1c50051c069122e6853bc878"
      url: "https://pub.dev"
    source: hosted
    version: "2.1.0"
  file:
    dependency: transitive
    description:
      name: file
      sha256: "1b92bec4fc2a72f59a8e15af5f52cd441e4a7860b49499d69dfa817af20e925d"
      url: "https://pub.dev"
    source: hosted
    version: "6.1.4"
  filesystem_picker:
    dependency: "direct main"
    description:
      name: filesystem_picker
      sha256: cf790e033b3e0c07b5bc9f71458b39f1f45017641aae508ffdfb86a59baa0c1d
      url: "https://pub.dev"
    source: hosted
    version: "3.1.0"
  firebase_core:
    dependency: "direct main"
    description:
      name: firebase_core
      sha256: c78132175edda4bc532a71e01a32964e4b4fcf53de7853a422d96dac3725f389
      url: "https://pub.dev"
    source: hosted
    version: "2.15.1"
  firebase_core_platform_interface:
    dependency: transitive
    description:
      name: firebase_core_platform_interface
      sha256: b63e3be6c96ef5c33bdec1aab23c91eb00696f6452f0519401d640938c94cba2
      url: "https://pub.dev"
    source: hosted
    version: "4.8.0"
  firebase_core_web:
    dependency: transitive
    description:
      name: firebase_core_web
      sha256: "4cf4d2161530332ddc3c562f19823fb897ff37a9a774090d28df99f47370e973"
      url: "https://pub.dev"
    source: hosted
    version: "2.7.0"
  firebase_messaging:
    dependency: "direct main"
    description:
      name: firebase_messaging
      sha256: "6c1a2a047d6f165b7c5f947467ac5138731a2af82c7af1c12d691dbb834f6b73"
      url: "https://pub.dev"
    source: hosted
    version: "14.6.7"
  firebase_messaging_platform_interface:
    dependency: transitive
    description:
      name: firebase_messaging_platform_interface
      sha256: bcba58d28f8cda607a323240c6d314c2c62b62ebfbb0f2d704ebefef07b52b5f
      url: "https://pub.dev"
    source: hosted
    version: "4.5.6"
  firebase_messaging_web:
    dependency: transitive
    description:
      name: firebase_messaging_web
      sha256: "962d09ec9dfa486cbbc218258ad41e8ec7997a2eba46919049496e1cafd960c5"
      url: "https://pub.dev"
    source: hosted
    version: "3.5.6"
  fixnum:
    dependency: transitive
    description:
      name: fixnum
      sha256: "25517a4deb0c03aa0f32fd12db525856438902d9c16536311e76cdc57b31d7d1"
      url: "https://pub.dev"
    source: hosted
    version: "1.1.0"
  flare_flutter:
    dependency: "direct main"
    description:
      name: flare_flutter
      sha256: "99d63c60f00fac81249ce6410ee015d7b125c63d8278a30da81edf3317a1f6a0"
      url: "https://pub.dev"
    source: hosted
    version: "3.0.2"
  flutter:
    dependency: "direct main"
    description: flutter
    source: sdk
    version: "0.0.0"
  flutter_bcrypt:
    dependency: "direct main"
    description:
      name: flutter_bcrypt
      sha256: "47dd6d864732ec0e19f950ba7e67b5b245bcdbe8bada288689de4b6c405c2d37"
      url: "https://pub.dev"
    source: hosted
    version: "1.0.8"
  flutter_dash:
    dependency: "direct main"
    description:
      name: flutter_dash
      sha256: dc282109cc12806853e102a4e8b9d99abb7f527fcedec2ea03860e2500ee6622
      url: "https://pub.dev"
    source: hosted
    version: "1.0.0"
  flutter_dotenv:
    dependency: "direct main"
    description:
      name: flutter_dotenv
      sha256: "9357883bdd153ab78cbf9ffa07656e336b8bbb2b5a3ca596b0b27e119f7c7d77"
      url: "https://pub.dev"
    source: hosted
    version: "5.1.0"
  flutter_easyloading:
    dependency: "direct main"
    description:
      name: flutter_easyloading
      sha256: ba21a3c883544e582f9cc455a4a0907556714e1e9cf0eababfcb600da191d17c
      url: "https://pub.dev"
    source: hosted
    version: "3.0.5"
  flutter_html:
    dependency: "direct main"
    description:
      name: flutter_html
      sha256: "02ad69e813ecfc0728a455e4bf892b9379983e050722b1dce00192ee2e41d1ee"
      url: "https://pub.dev"
    source: hosted
    version: "3.0.0-beta.2"
  flutter_initicon:
    dependency: "direct main"
    description:
      name: flutter_initicon
      sha256: "5aeda6b16150cb54a34a048a85f9cfddbf36a92135f769ea998d1394dcb54a0f"
      url: "https://pub.dev"
    source: hosted
    version: "3.0.0+1"
  flutter_launcher_icons:
    dependency: "direct dev"
    description:
      name: flutter_launcher_icons
      sha256: ce0e501cfc258907842238e4ca605e74b7fd1cdf04b3b43e86c43f3e40a1592c
      url: "https://pub.dev"
    source: hosted
    version: "0.11.0"
  flutter_local_notifications:
    dependency: "direct main"
    description:
      name: flutter_local_notifications
      sha256: "3002092e5b8ce2f86c3361422e52e6db6776c23ee21e0b2f71b892bf4259ef04"
      url: "https://pub.dev"
    source: hosted
    version: "15.1.1"
  flutter_local_notifications_linux:
    dependency: transitive
    description:
      name: flutter_local_notifications_linux
      sha256: "33f741ef47b5f63cc7f78fe75eeeac7e19f171ff3c3df054d84c1e38bedb6a03"
      url: "https://pub.dev"
    source: hosted
    version: "4.0.0+1"
  flutter_local_notifications_platform_interface:
    dependency: transitive
    description:
      name: flutter_local_notifications_platform_interface
      sha256: "7cf643d6d5022f3baed0be777b0662cce5919c0a7b86e700299f22dc4ae660ef"
      url: "https://pub.dev"
    source: hosted
    version: "7.0.0+1"
  flutter_localization:
    dependency: "direct main"
    description:
      name: flutter_localization
      sha256: b2b0fe87f4608f5a3e78ed570d5f85ba9f55c746a6aca4981c0ea4bb894d5d00
      url: "https://pub.dev"
    source: hosted
    version: "0.1.13"
  flutter_localizations:
    dependency: transitive
    description: flutter
    source: sdk
    version: "0.0.0"
  flutter_masked_text2:
    dependency: "direct main"
    description:
      name: flutter_masked_text2
      sha256: "5ccf6f1f8b7b7a8025e3fbaea48bff0aa7e7e9512c723e26138a0b24f31ca4d8"
      url: "https://pub.dev"
    source: hosted
    version: "0.9.1"
  flutter_native_image:
    dependency: "direct main"
    description:
      name: flutter_native_image
      sha256: "0ff23d6222064259df8f85ea56925627ea1ec8658814672c5b6c23fc9174c65e"
      url: "https://pub.dev"
    source: hosted
    version: "0.0.6+1"
  flutter_plugin_android_lifecycle:
    dependency: transitive
    description:
      name: flutter_plugin_android_lifecycle
      sha256: f185ac890306b5779ecbd611f52502d8d4d63d27703ef73161ca0407e815f02c
      url: "https://pub.dev"
    source: hosted
    version: "2.0.16"
  flutter_screenutil:
    dependency: "direct main"
    description:
      name: flutter_screenutil
      sha256: "8cf100b8e4973dc570b6415a2090b0bfaa8756ad333db46939efc3e774ee100d"
      url: "https://pub.dev"
    source: hosted
    version: "5.9.0"
  flutter_spinkit:
    dependency: transitive
    description:
      name: flutter_spinkit
      sha256: "77a2117c0517ff909221f3160b8eb20052ab5216107581168af574ac1f05dff8"
      url: "https://pub.dev"
    source: hosted
    version: "5.1.0"
  flutter_staggered_animations:
    dependency: "direct dev"
    description:
      name: flutter_staggered_animations
      sha256: "32ea23c17d655d72f7cf94c87f847a79963cbfc34570456aa7ca44e59d9129d5"
      url: "https://pub.dev"
    source: hosted
    version: "1.0.0"
  flutter_test:
    dependency: "direct dev"
    description: flutter
    source: sdk
    version: "0.0.0"
  flutter_web_plugins:
    dependency: transitive
    description: flutter
    source: sdk
    version: "0.0.0"
  geocoder2:
    dependency: "direct main"
    description:
      name: geocoder2
      sha256: "7b0e544576610f3275d6b650865410cf93bdbeb3025e4f1c05fd156e9633ecfa"
      url: "https://pub.dev"
    source: hosted
    version: "1.4.0"
  geocoding:
    dependency: "direct main"
    description:
      name: geocoding
      sha256: b34c0501bbbaf3190b85bef3078b27cf66c28a8915c6d3af50d67f356aa7da31
      url: "https://pub.dev"
    source: hosted
    version: "2.1.0"
  geocoding_android:
    dependency: transitive
    description:
      name: geocoding_android
      sha256: "609db1d71bc364dd9d0616f72a41c01e0c74f3a3807efb85e0d5a67e57baf50f"
      url: "https://pub.dev"
    source: hosted
    version: "2.1.2"
  geocoding_ios:
    dependency: transitive
    description:
      name: geocoding_ios
      sha256: c85495ce8fb34e4fbd2dd8fc5f79263d622d9f88c4af948c965daf6b27a7f3a1
      url: "https://pub.dev"
    source: hosted
    version: "2.1.0"
  geocoding_platform_interface:
    dependency: transitive
    description:
      name: geocoding_platform_interface
      sha256: "8848605d307d844d89937cdb4b8ad7dfa880552078f310fa24d8a460f6dddab4"
      url: "https://pub.dev"
    source: hosted
    version: "2.0.1"
  get_it:
    dependency: "direct main"
    description:
      name: get_it
      sha256: f79870884de16d689cf9a7d15eedf31ed61d750e813c538a6efb92660fea83c3
      url: "https://pub.dev"
    source: hosted
    version: "7.6.4"
  google_fonts:
    dependency: "direct main"
    description:
      name: google_fonts
      sha256: "6b6f10f0ce3c42f6552d1c70d2c28d764cf22bb487f50f66cca31dcd5194f4d6"
      url: "https://pub.dev"
    source: hosted
    version: "4.0.4"
  google_maps_flutter:
    dependency: "direct main"
    description:
      name: google_maps_flutter
      sha256: "52fd8f09a1ec0fdbde7512b9fe17aa3f836238d708fe6bfdac791179cc5eddbc"
      url: "https://pub.dev"
    source: hosted
    version: "2.0.0"
  google_maps_flutter_platform_interface:
    dependency: transitive
    description:
      name: google_maps_flutter_platform_interface
      sha256: a3e9e6896501e566d902c6c69f010834d410ef4b7b5c18b90c77e871c86b7907
      url: "https://pub.dev"
    source: hosted
    version: "2.4.1"
  html:
    dependency: transitive
    description:
      name: html
      sha256: "3a7812d5bcd2894edf53dfaf8cd640876cf6cef50a8f238745c8b8120ea74d3a"
      url: "https://pub.dev"
    source: hosted
    version: "0.15.4"
  http:
    dependency: transitive
    description:
      name: http
      sha256: "5895291c13fa8a3bd82e76d5627f69e0d85ca6a30dcac95c4ea19a5d555879c2"
      url: "https://pub.dev"
    source: hosted
    version: "0.13.6"
  http_parser:
    dependency: transitive
    description:
      name: http_parser
      sha256: "2aa08ce0341cc9b354a498388e30986515406668dbcc4f7c950c3e715496693b"
      url: "https://pub.dev"
    source: hosted
    version: "4.0.2"
  iconsax:
    dependency: "direct main"
    description:
      name: iconsax
      sha256: fb0144c61f41f3f8a385fadc27783ea9f5359670be885ed7f35cef32565d5228
      url: "https://pub.dev"
    source: hosted
    version: "0.0.8"
  image:
    dependency: transitive
    description:
      name: image
      sha256: "8e9d133755c3e84c73288363e6343157c383a0c6c56fc51afcc5d4d7180306d6"
      url: "https://pub.dev"
    source: hosted
    version: "3.3.0"
  intl:
    dependency: "direct main"
    description:
      name: intl
      sha256: "3bc132a9dbce73a7e4a21a17d06e1878839ffbf975568bc875c60537824b0c4d"
      url: "https://pub.dev"
    source: hosted
    version: "0.18.1"
  js:
    dependency: transitive
    description:
      name: js
      sha256: f2c445dce49627136094980615a031419f7f3eb393237e4ecd97ac15dea343f3
      url: "https://pub.dev"
    source: hosted
    version: "0.6.7"
  json_annotation:
    dependency: transitive
    description:
      name: json_annotation
      sha256: b10a7b2ff83d83c777edba3c6a0f97045ddadd56c944e1a23a3fdf43a1bf4467
      url: "https://pub.dev"
    source: hosted
    version: "4.8.1"
  list_counter:
    dependency: transitive
    description:
      name: list_counter
      sha256: c447ae3dfcd1c55f0152867090e67e219d42fe6d4f2807db4bbe8b8d69912237
      url: "https://pub.dev"
    source: hosted
    version: "1.0.2"
  location:
    dependency: "direct main"
    description:
      name: location
      sha256: "9051959f6f2ccadd887b28b66e9cbbcc25b6838e37cf9e894c421ccc0ebf80b5"
      url: "https://pub.dev"
    source: hosted
    version: "4.4.0"
  location_platform_interface:
    dependency: transitive
    description:
      name: location_platform_interface
      sha256: "62eeaf1658e92e4459b727f55a3c328eccbac8ba043fa6d262ac5286ad48384c"
      url: "https://pub.dev"
    source: hosted
    version: "2.3.0"
  location_web:
    dependency: transitive
    description:
      name: location_web
      sha256: "6c08c408a040534c0269c4ff9fe17eebb5a36dea16512fbaf116b9c8bc21545b"
      url: "https://pub.dev"
    source: hosted
    version: "3.1.1"
  lottie:
    dependency: "direct main"
    description:
      name: lottie
      sha256: b8bdd54b488c54068c57d41ae85d02808da09e2bee8b8dd1f59f441e7efa60cd
      url: "https://pub.dev"
    source: hosted
    version: "2.6.0"
  matcher:
    dependency: transitive
    description:
      name: matcher
      sha256: "1803e76e6653768d64ed8ff2e1e67bea3ad4b923eb5c56a295c3e634bad5960e"
      url: "https://pub.dev"
    source: hosted
    version: "0.12.16"
  material_color_utilities:
    dependency: transitive
    description:
      name: material_color_utilities
      sha256: "9528f2f296073ff54cb9fee677df673ace1218163c3bc7628093e7eed5203d41"
      url: "https://pub.dev"
    source: hosted
    version: "0.5.0"
  meta:
    dependency: transitive
    description:
      name: meta
      sha256: "3c74dbf8763d36539f114c799d8a2d87343b5067e9d796ca22b5eb8437090ee3"
      url: "https://pub.dev"
    source: hosted
    version: "1.9.1"
  nested:
    dependency: transitive
    description:
      name: nested
      sha256: "03bac4c528c64c95c722ec99280375a6f2fc708eec17c7b3f07253b626cd2a20"
      url: "https://pub.dev"
    source: hosted
    version: "1.0.0"
  nm:
    dependency: transitive
    description:
      name: nm
      sha256: "2c9aae4127bdc8993206464fcc063611e0e36e72018696cd9631023a31b24254"
      url: "https://pub.dev"
    source: hosted
    version: "0.5.0"
  path:
    dependency: transitive
    description:
      name: path
      sha256: "8829d8a55c13fc0e37127c29fedf290c102f4e40ae94ada574091fe0ff96c917"
      url: "https://pub.dev"
    source: hosted
    version: "1.8.3"
  path_provider:
    dependency: "direct main"
    description:
      name: path_provider
      sha256: cfdc261c62a7273be7e051b19d27e503927a40919932f790681042a038f3605d
      url: "https://pub.dev"
    source: hosted
    version: "2.0.2"
  path_provider_linux:
    dependency: transitive
    description:
      name: path_provider_linux
      sha256: f7a1fe3a634fe7734c8d3f2766ad746ae2a2884abe22e241a8b301bf5cac3279
      url: "https://pub.dev"
    source: hosted
    version: "2.2.1"
  path_provider_macos:
    dependency: transitive
    description:
      name: path_provider_macos
      sha256: cd57cb98a30ce9d12fdd1896d9d3b0517ce689f942de6ccd2708cd39b3d18a7c
      url: "https://pub.dev"
    source: hosted
    version: "2.0.7"
  path_provider_platform_interface:
    dependency: transitive
    description:
      name: path_provider_platform_interface
      sha256: "94b1e0dd80970c1ce43d5d4e050a9918fce4f4a775e6142424c30a29a363265c"
      url: "https://pub.dev"
    source: hosted
    version: "2.1.1"
  path_provider_windows:
    dependency: transitive
    description:
      name: path_provider_windows
      sha256: "8bc9f22eee8690981c22aa7fc602f5c85b497a6fb2ceb35ee5a5e5ed85ad8170"
      url: "https://pub.dev"
    source: hosted
    version: "2.2.1"
  permission_handler:
    dependency: "direct main"
    description:
      name: permission_handler
      sha256: "63e5216aae014a72fe9579ccd027323395ce7a98271d9defa9d57320d001af81"
      url: "https://pub.dev"
    source: hosted
    version: "10.4.3"
  permission_handler_android:
    dependency: transitive
    description:
      name: permission_handler_android
      sha256: d74e77a5ecd38649905db0a7d05ef16bed42ff263b9efb73ed794317c5764ec3
      url: "https://pub.dev"
    source: hosted
    version: "10.3.4"
  permission_handler_apple:
    dependency: transitive
    description:
      name: permission_handler_apple
      sha256: "99e220bce3f8877c78e4ace901082fb29fa1b4ebde529ad0932d8d664b34f3f5"
      url: "https://pub.dev"
    source: hosted
    version: "9.1.4"
  permission_handler_platform_interface:
    dependency: transitive
    description:
      name: permission_handler_platform_interface
      sha256: "7c6b1500385dd1d2ca61bb89e2488ca178e274a69144d26bbd65e33eae7c02a9"
      url: "https://pub.dev"
    source: hosted
    version: "3.11.3"
  permission_handler_windows:
    dependency: transitive
    description:
      name: permission_handler_windows
      sha256: cc074aace208760f1eee6aa4fae766b45d947df85bc831cde77009cdb4720098
      url: "https://pub.dev"
    source: hosted
    version: "0.1.3"
  petitparser:
    dependency: transitive
    description:
      name: petitparser
      sha256: cb3798bef7fc021ac45b308f4b51208a152792445cce0448c9a4ba5879dd8750
      url: "https://pub.dev"
    source: hosted
    version: "5.4.0"
  pin_code_fields:
    dependency: "direct main"
    description:
      name: pin_code_fields
      sha256: "4c0db7fbc889e622e7c71ea54b9ee624bb70c7365b532abea0271b17ea75b729"
      url: "https://pub.dev"
    source: hosted
    version: "8.0.1"
  platform:
    dependency: transitive
    description:
      name: platform
      sha256: ae68c7bfcd7383af3629daafb32fb4e8681c7154428da4febcff06200585f102
      url: "https://pub.dev"
    source: hosted
    version: "3.1.2"
  plugin_platform_interface:
    dependency: transitive
    description:
      name: plugin_platform_interface
      sha256: da3fdfeccc4d4ff2da8f8c556704c08f912542c5fb3cf2233ed75372384a034d
      url: "https://pub.dev"
    source: hosted
    version: "2.1.6"
  pointycastle:
    dependency: transitive
    description:
      name: pointycastle
      sha256: "7c1e5f0d23c9016c5bbd8b1473d0d3fb3fc851b876046039509e18e0c7485f2c"
      url: "https://pub.dev"
    source: hosted
    version: "3.7.3"
  process:
    dependency: transitive
    description:
      name: process
      sha256: "53fd8db9cec1d37b0574e12f07520d582019cb6c44abf5479a01505099a34a09"
      url: "https://pub.dev"
    source: hosted
    version: "4.2.4"
  protobuf:
    dependency: transitive
    description:
      name: protobuf
      sha256: "01dd9bd0fa02548bf2ceee13545d4a0ec6046459d847b6b061d8a27237108a08"
      url: "https://pub.dev"
    source: hosted
    version: "2.1.0"
  provider:
    dependency: "direct main"
    description:
      name: provider
      sha256: cdbe7530b12ecd9eb455bdaa2fcb8d4dad22e80b8afb4798b41479d5ce26847f
      url: "https://pub.dev"
    source: hosted
    version: "6.0.5"
  qr:
    dependency: transitive
    description:
      name: qr
      sha256: "64957a3930367bf97cc211a5af99551d630f2f4625e38af10edd6b19131b64b3"
      url: "https://pub.dev"
    source: hosted
    version: "3.0.1"
  qr_flutter:
    dependency: "direct main"
    description:
      name: qr_flutter
      sha256: "5095f0fc6e3f71d08adef8feccc8cea4f12eec18a2e31c2e8d82cb6019f4b097"
      url: "https://pub.dev"
    source: hosted
    version: "4.1.0"
  restart_app:
    dependency: "direct main"
    description:
      name: restart_app
      sha256: b37daeb1c02fcab30e19d9e30b6fdd215bd53577efd927042eb77cf6f09daadb
      url: "https://pub.dev"
    source: hosted
    version: "1.2.1"
  rxdart:
    dependency: "direct main"
    description:
      name: rxdart
      sha256: "0c7c0cedd93788d996e33041ffecda924cc54389199cde4e6a34b440f50044cb"
      url: "https://pub.dev"
    source: hosted
    version: "0.27.7"
  shared_preferences:
    dependency: "direct main"
    description:
      name: shared_preferences
      sha256: b7f41bad7e521d205998772545de63ff4e6c97714775902c199353f8bf1511ac
      url: "https://pub.dev"
    source: hosted
    version: "2.2.1"
  shared_preferences_android:
    dependency: transitive
    description:
      name: shared_preferences_android
      sha256: "8568a389334b6e83415b6aae55378e158fbc2314e074983362d20c562780fb06"
      url: "https://pub.dev"
    source: hosted
    version: "2.2.1"
  shared_preferences_foundation:
    dependency: transitive
    description:
      name: shared_preferences_foundation
      sha256: "7bf53a9f2d007329ee6f3df7268fd498f8373602f943c975598bbb34649b62a7"
      url: "https://pub.dev"
    source: hosted
    version: "2.3.4"
  shared_preferences_linux:
    dependency: transitive
    description:
      name: shared_preferences_linux
      sha256: c2eb5bf57a2fe9ad6988121609e47d3e07bb3bdca5b6f8444e4cf302428a128a
      url: "https://pub.dev"
    source: hosted
    version: "2.3.1"
  shared_preferences_platform_interface:
    dependency: transitive
    description:
      name: shared_preferences_platform_interface
      sha256: d4ec5fc9ebb2f2e056c617112aa75dcf92fc2e4faaf2ae999caa297473f75d8a
      url: "https://pub.dev"
    source: hosted
    version: "2.3.1"
  shared_preferences_web:
    dependency: transitive
    description:
      name: shared_preferences_web
      sha256: d762709c2bbe80626ecc819143013cc820fa49ca5e363620ee20a8b15a3e3daf
      url: "https://pub.dev"
    source: hosted
    version: "2.2.1"
  shared_preferences_windows:
    dependency: transitive
    description:
      name: shared_preferences_windows
      sha256: f763a101313bd3be87edffe0560037500967de9c394a714cd598d945517f694f
      url: "https://pub.dev"
    source: hosted
    version: "2.3.1"
  shorebird_code_push:
    dependency: "direct main"
    description:
      name: shorebird_code_push
      sha256: "872839ac1e9b86f97db99c6456c4886620246f15e1cff9d29d4101e2beb991eb"
      url: "https://pub.dev"
    source: hosted
    version: "1.1.3"
  showcaseview:
    dependency: "direct main"
    description:
      name: showcaseview
      sha256: dc62ce38820dead4a27ce39d9e6c98384be89c2f2b4da3255238a59b041c7ccd
      url: "https://pub.dev"
    source: hosted
    version: "2.0.3"
  sky_engine:
    dependency: transitive
    description: flutter
    source: sdk
    version: "0.0.99"
  source_span:
    dependency: transitive
    description:
      name: source_span
      sha256: "53e943d4206a5e30df338fd4c6e7a077e02254531b138a15aec3bd143c1a8b3c"
      url: "https://pub.dev"
    source: hosted
    version: "1.10.0"
  sprintf:
    dependency: transitive
    description:
      name: sprintf
      sha256: "1fc9ffe69d4df602376b52949af107d8f5703b77cda567c4d7d86a0693120f23"
      url: "https://pub.dev"
    source: hosted
    version: "7.0.0"
  sqflite:
    dependency: "direct main"
    description:
      name: sqflite
      sha256: "591f1602816e9c31377d5f008c2d9ef7b8aca8941c3f89cc5fd9d84da0c38a9a"
      url: "https://pub.dev"
    source: hosted
    version: "2.3.0"
  sqflite_common:
    dependency: transitive
    description:
      name: sqflite_common
      sha256: "1b92f368f44b0dee2425bb861cfa17b6f6cf3961f762ff6f941d20b33355660a"
      url: "https://pub.dev"
    source: hosted
    version: "2.5.0"
  stack_trace:
    dependency: transitive
    description:
      name: stack_trace
      sha256: c3c7d8edb15bee7f0f74debd4b9c5f3c2ea86766fe4178eb2a18eb30a0bdaed5
      url: "https://pub.dev"
    source: hosted
    version: "1.11.0"
  steel_crypt:
    dependency: "direct main"
    description:
      name: steel_crypt
      sha256: "4f86a8ddc690ed1adff486faeb4ceece9e09f59cd90c8bd7e2ff48c42ca271dd"
      url: "https://pub.dev"
    source: hosted
    version: "3.0.0+1"
  stream_channel:
    dependency: transitive
    description:
      name: stream_channel
      sha256: "83615bee9045c1d322bbbd1ba209b7a749c2cbcdcb3fdd1df8eb488b3279c1c8"
      url: "https://pub.dev"
    source: hosted
    version: "2.1.1"
  stream_transform:
    dependency: transitive
    description:
      name: stream_transform
      sha256: "14a00e794c7c11aa145a170587321aedce29769c08d7f58b1d141da75e3b1c6f"
      url: "https://pub.dev"
    source: hosted
    version: "2.1.0"
  string_scanner:
    dependency: transitive
    description:
      name: string_scanner
      sha256: "556692adab6cfa87322a115640c11f13cb77b3f076ddcc5d6ae3c20242bedcde"
      url: "https://pub.dev"
    source: hosted
    version: "1.2.0"
  syncfusion_flutter_core:
    dependency: transitive
    description:
      name: syncfusion_flutter_core
      sha256: "9f0a4593f7642b2f106e329734d0e5fc746baf8d0a59495eec586cd0d9ba7d02"
      url: "https://pub.dev"
    source: hosted
    version: "22.2.12"
  syncfusion_flutter_datepicker:
    dependency: "direct main"
    description:
      name: syncfusion_flutter_datepicker
      sha256: c09d8a84f07da41c12b02ac350f4aab8b73be2c51095fca9f9404b2a5af67585
      url: "https://pub.dev"
    source: hosted
    version: "22.2.12"
  synchronized:
    dependency: transitive
    description:
      name: synchronized
      sha256: "271977ff1e9e82ceefb4f08424b8839f577c1852e0726b5ce855311b46d3ef83"
      url: "https://pub.dev"
    source: hosted
    version: "3.0.0"
  term_glyph:
    dependency: transitive
    description:
      name: term_glyph
      sha256: a29248a84fbb7c79282b40b8c72a1209db169a2e0542bce341da992fe1bc7e84
      url: "https://pub.dev"
    source: hosted
    version: "1.2.1"
  test_api:
    dependency: transitive
    description:
      name: test_api
      sha256: "75760ffd7786fffdfb9597c35c5b27eaeec82be8edfb6d71d32651128ed7aab8"
      url: "https://pub.dev"
    source: hosted
    version: "0.6.0"
  ticket_widget:
    dependency: "direct main"
    description:
      name: ticket_widget
      sha256: "010751fceae320a1334e1b9bb0a9c0189d2e08c2f2918cfbe64258dd84272377"
      url: "https://pub.dev"
    source: hosted
    version: "0.0.1"
  timezone:
    dependency: transitive
    description:
      name: timezone
      sha256: "1cfd8ddc2d1cfd836bc93e67b9be88c3adaeca6f40a00ca999104c30693cdca0"
      url: "https://pub.dev"
    source: hosted
    version: "0.9.2"
  typed_data:
    dependency: transitive
    description:
      name: typed_data
      sha256: "53bdf7e979cfbf3e28987552fd72f637e63f3c8724c9e56d9246942dc2fa36ee"
      url: "https://pub.dev"
    source: hosted
    version: "1.3.0"
  url_launcher:
    dependency: "direct main"
    description:
      name: url_launcher
      sha256: bd0c1c94d7090f1c86db4e693399385f82fde14bcf472dc7de846f4f7948652d
      url: "https://pub.dev"
    source: hosted
    version: "6.0.5"
  url_launcher_linux:
    dependency: transitive
    description:
      name: url_launcher_linux
      sha256: ae3c5ce30a1ba0a69c3f8803b23450703cf915575ad591857df98d9c15c11018
      url: "https://pub.dev"
    source: hosted
    version: "2.0.3"
  url_launcher_macos:
    dependency: transitive
    description:
      name: url_launcher_macos
      sha256: "8fd9ae3ab5e0f96cea7dd66c4ea65e39e3477067f4997c1ec8225d553e8bb8ea"
      url: "https://pub.dev"
    source: hosted
    version: "2.0.3"
  url_launcher_platform_interface:
    dependency: transitive
    description:
      name: url_launcher_platform_interface
      sha256: "95465b39f83bfe95fcb9d174829d6476216f2d548b79c38ab2506e0458787618"
      url: "https://pub.dev"
    source: hosted
    version: "2.1.5"
  url_launcher_web:
    dependency: transitive
    description:
      name: url_launcher_web
      sha256: "2942294a500b4fa0b918685aff406773ba0a4cd34b7f42198742a94083020ce5"
      url: "https://pub.dev"
    source: hosted
    version: "2.0.20"
  url_launcher_windows:
    dependency: transitive
    description:
      name: url_launcher_windows
      sha256: "4e24aac2a2960fb9a70a07992e1ba69cb99fbcee48fdf17abe280ce867bfcea2"
      url: "https://pub.dev"
    source: hosted
    version: "2.0.2"
  vector_math:
    dependency: transitive
    description:
      name: vector_math
      sha256: "80b3257d1492ce4d091729e3a67a60407d227c27241d6927be0130c98e741803"
      url: "https://pub.dev"
    source: hosted
    version: "2.1.4"
  web:
    dependency: transitive
    description:
      name: web
      sha256: dc8ccd225a2005c1be616fe02951e2e342092edf968cf0844220383757ef8f10
      url: "https://pub.dev"
    source: hosted
    version: "0.1.4-beta"
  webview_flutter:
    dependency: "direct main"
    description:
      name: webview_flutter
      sha256: "82f6787d5df55907aa01e49bd9644f4ed1cc82af7a8257dd9947815959d2e755"
      url: "https://pub.dev"
    source: hosted
    version: "4.2.4"
  webview_flutter_android:
    dependency: transitive
    description:
      name: webview_flutter_android
      sha256: "0d8f5ac96a155e672129bf94c7abf625de01241d44d269dbaff083f1b4deb1aa"
      url: "https://pub.dev"
    source: hosted
    version: "3.9.5"
  webview_flutter_platform_interface:
    dependency: transitive
    description:
      name: webview_flutter_platform_interface
      sha256: "6d9213c65f1060116757a7c473247c60f3f7f332cac33dc417c9e362a9a13e4f"
      url: "https://pub.dev"
    source: hosted
    version: "2.6.0"
  webview_flutter_wkwebview:
    dependency: transitive
    description:
      name: webview_flutter_wkwebview
      sha256: d2f7241849582da80b79acb03bb936422412ce5c0c79fb5f6a1de5421a5aecc4
      url: "https://pub.dev"
    source: hosted
    version: "3.7.4"
  win32:
    dependency: transitive
    description:
      name: win32
      sha256: a6f0236dbda0f63aa9a25ad1ff9a9d8a4eaaa5012da0dc59d21afdb1dc361ca4
      url: "https://pub.dev"
    source: hosted
    version: "3.1.4"
  xdg_directories:
    dependency: transitive
    description:
      name: xdg_directories
      sha256: bd512f03919aac5f1313eb8249f223bacf4927031bf60b02601f81f687689e86
      url: "https://pub.dev"
    source: hosted
    version: "0.2.0+3"
  xml:
    dependency: transitive
    description:
      name: xml
      sha256: "5bc72e1e45e941d825fd7468b9b4cc3b9327942649aeb6fc5cdbf135f0a86e84"
      url: "https://pub.dev"
    source: hosted
    version: "6.3.0"
  yaml:
    dependency: transitive
    description:
      name: yaml
      sha256: "75769501ea3489fca56601ff33454fe45507ea3bfb014161abc3b43ae25989d5"
      url: "https://pub.dev"
    source: hosted
    version: "3.1.2"
sdks:
  dart: ">=3.1.0 <4.0.0"
  flutter: ">=3.13.0"
